// !$*UTF8*$!
{
	archiveVersion = 1;
	classes = {
	};
	objectVersion = 48;
	objects = {

/* Begin PBXBuildFile section */
		B03DD94A1FBB91C400538B47 /* IngredientViewController.swift in Sources */ = {isa = PBXBuildFile; fileRef = B03DD9491FBB91C400538B47 /* IngredientViewController.swift */; };
		B0485D031FC4940F00AE85FA /* DailyNutritionValues.swift in Sources */ = {isa = PBXBuildFile; fileRef = B0485D021FC4940F00AE85FA /* DailyNutritionValues.swift */; };
		B0485D051FC4953500AE85FA /* NutritionValue.swift in Sources */ = {isa = PBXBuildFile; fileRef = B0485D041FC4953500AE85FA /* NutritionValue.swift */; };
		B0485D071FC796F400AE85FA /* ScannedLabel.swift in Sources */ = {isa = PBXBuildFile; fileRef = B0485D061FC796F400AE85FA /* ScannedLabel.swift */; };
		B08315931FB2259B000E9BA8 /* UnhealthyViewController.swift in Sources */ = {isa = PBXBuildFile; fileRef = B08315921FB2259B000E9BA8 /* UnhealthyViewController.swift */; };
		B0908A661FB4F53600E29B01 /* ListData.swift in Sources */ = {isa = PBXBuildFile; fileRef = B0908A651FB4F53600E29B01 /* ListData.swift */; };
		B096DA541FB4C0F30008FE08 /* UnhealthyIngredients.swift in Sources */ = {isa = PBXBuildFile; fileRef = B096DA531FB4C0F30008FE08 /* UnhealthyIngredients.swift */; };
		B096DA571FB4C17A0008FE08 /* Ingredient.swift in Sources */ = {isa = PBXBuildFile; fileRef = B096DA561FB4C17A0008FE08 /* Ingredient.swift */; };
		B0DCA7AA1FABC5CB008A2CAF /* AppDelegate.swift in Sources */ = {isa = PBXBuildFile; fileRef = B0DCA7A91FABC5CB008A2CAF /* AppDelegate.swift */; };
		B0DCA7AC1FABC5CB008A2CAF /* ScannerViewController.swift in Sources */ = {isa = PBXBuildFile; fileRef = B0DCA7AB1FABC5CB008A2CAF /* ScannerViewController.swift */; };
		B0DCA7AF1FABC5CB008A2CAF /* Main.storyboard in Resources */ = {isa = PBXBuildFile; fileRef = B0DCA7AD1FABC5CB008A2CAF /* Main.storyboard */; };
		B0DCA7B11FABC5CB008A2CAF /* Assets.xcassets in Resources */ = {isa = PBXBuildFile; fileRef = B0DCA7B01FABC5CB008A2CAF /* Assets.xcassets */; };
		B0DCA7B41FABC5CB008A2CAF /* LaunchScreen.storyboard in Resources */ = {isa = PBXBuildFile; fileRef = B0DCA7B21FABC5CB008A2CAF /* LaunchScreen.storyboard */; };
		B0E0BD7E1FBE2E1300A03115 /* Sources.swift in Sources */ = {isa = PBXBuildFile; fileRef = B0E0BD7D1FBE2E1300A03115 /* Sources.swift */; };
/* End PBXBuildFile section */

/* Begin PBXFileReference section */
		B03DD9491FBB91C400538B47 /* IngredientViewController.swift */ = {isa = PBXFileReference; lastKnownFileType = sourcecode.swift; path = IngredientViewController.swift; sourceTree = "<group>"; };
		B0485D021FC4940F00AE85FA /* DailyNutritionValues.swift */ = {isa = PBXFileReference; lastKnownFileType = sourcecode.swift; path = DailyNutritionValues.swift; sourceTree = "<group>"; };
		B0485D041FC4953500AE85FA /* NutritionValue.swift */ = {isa = PBXFileReference; lastKnownFileType = sourcecode.swift; path = NutritionValue.swift; sourceTree = "<group>"; };
		B0485D061FC796F400AE85FA /* ScannedLabel.swift */ = {isa = PBXFileReference; lastKnownFileType = sourcecode.swift; path = ScannedLabel.swift; sourceTree = "<group>"; };
		B08315921FB2259B000E9BA8 /* UnhealthyViewController.swift */ = {isa = PBXFileReference; lastKnownFileType = sourcecode.swift; path = UnhealthyViewController.swift; sourceTree = "<group>"; };
		B0908A651FB4F53600E29B01 /* ListData.swift */ = {isa = PBXFileReference; lastKnownFileType = sourcecode.swift; path = ListData.swift; sourceTree = "<group>"; };
		B096DA531FB4C0F30008FE08 /* UnhealthyIngredients.swift */ = {isa = PBXFileReference; lastKnownFileType = sourcecode.swift; path = UnhealthyIngredients.swift; sourceTree = "<group>"; };
		B096DA561FB4C17A0008FE08 /* Ingredient.swift */ = {isa = PBXFileReference; lastKnownFileType = sourcecode.swift; path = Ingredient.swift; sourceTree = "<group>"; };
		B0DCA7A61FABC5CB008A2CAF /* Nutrition Vision.app */ = {isa = PBXFileReference; explicitFileType = wrapper.application; includeInIndex = 0; path = "Nutrition Vision.app"; sourceTree = BUILT_PRODUCTS_DIR; };
		B0DCA7A91FABC5CB008A2CAF /* AppDelegate.swift */ = {isa = PBXFileReference; lastKnownFileType = sourcecode.swift; path = AppDelegate.swift; sourceTree = "<group>"; };
		B0DCA7AB1FABC5CB008A2CAF /* ScannerViewController.swift */ = {isa = PBXFileReference; lastKnownFileType = sourcecode.swift; path = ScannerViewController.swift; sourceTree = "<group>"; };
		B0DCA7AE1FABC5CB008A2CAF /* Base */ = {isa = PBXFileReference; lastKnownFileType = file.storyboard; name = Base; path = Base.lproj/Main.storyboard; sourceTree = "<group>"; };
		B0DCA7B01FABC5CB008A2CAF /* Assets.xcassets */ = {isa = PBXFileReference; lastKnownFileType = folder.assetcatalog; path = Assets.xcassets; sourceTree = "<group>"; };
		B0DCA7B31FABC5CB008A2CAF /* Base */ = {isa = PBXFileReference; lastKnownFileType = file.storyboard; name = Base; path = Base.lproj/LaunchScreen.storyboard; sourceTree = "<group>"; };
		B0DCA7B51FABC5CB008A2CAF /* Info.plist */ = {isa = PBXFileReference; lastKnownFileType = text.plist.xml; path = Info.plist; sourceTree = "<group>"; };
		B0E0BD7D1FBE2E1300A03115 /* Sources.swift */ = {isa = PBXFileReference; lastKnownFileType = sourcecode.swift; path = Sources.swift; sourceTree = "<group>"; };
/* End PBXFileReference section */

/* Begin PBXFrameworksBuildPhase section */
		B0DCA7A31FABC5CB008A2CAF /* Frameworks */ = {
			isa = PBXFrameworksBuildPhase;
			buildActionMask = 2147483647;
			files = (
			);
			runOnlyForDeploymentPostprocessing = 0;
		};
/* End PBXFrameworksBuildPhase section */

/* Begin PBXGroup section */
		B08315811FB21DC1000E9BA8 /* Assets */ = {
			isa = PBXGroup;
			children = (
				B08315821FB21DCF000E9BA8 /* Images */,
				B0DCA7B01FABC5CB008A2CAF /* Assets.xcassets */,
			);
			path = Assets;
			sourceTree = "<group>";
		};
		B08315821FB21DCF000E9BA8 /* Images */ = {
			isa = PBXGroup;
			children = (
			);
			path = Images;
			sourceTree = "<group>";
		};
		B08315911FB22573000E9BA8 /* View Controllers */ = {
			isa = PBXGroup;
			children = (
				B0DCA7AB1FABC5CB008A2CAF /* ScannerViewController.swift */,
				B08315921FB2259B000E9BA8 /* UnhealthyViewController.swift */,
				B03DD9491FBB91C400538B47 /* IngredientViewController.swift */,
			);
			path = "View Controllers";
			sourceTree = "<group>";
		};
		B096DA521FB4C0B90008FE08 /* Constants */ = {
			isa = PBXGroup;
			children = (
				B096DA531FB4C0F30008FE08 /* UnhealthyIngredients.swift */,
				B0908A651FB4F53600E29B01 /* ListData.swift */,
				B0E0BD7D1FBE2E1300A03115 /* Sources.swift */,
				B0485D021FC4940F00AE85FA /* DailyNutritionValues.swift */,
			);
			path = Constants;
			sourceTree = "<group>";
		};
		B096DA551FB4C1680008FE08 /* Classes */ = {
			isa = PBXGroup;
			children = (
				B096DA561FB4C17A0008FE08 /* Ingredient.swift */,
				B0485D041FC4953500AE85FA /* NutritionValue.swift */,
				B0485D061FC796F400AE85FA /* ScannedLabel.swift */,
			);
			path = Classes;
			sourceTree = "<group>";
		};
		B0DCA79D1FABC5CB008A2CAF = {
			isa = PBXGroup;
			children = (
				B0DCA7A81FABC5CB008A2CAF /* Nutrition Vision */,
				B0DCA7A71FABC5CB008A2CAF /* Products */,
			);
			sourceTree = "<group>";
		};
		B0DCA7A71FABC5CB008A2CAF /* Products */ = {
			isa = PBXGroup;
			children = (
				B0DCA7A61FABC5CB008A2CAF /* Nutrition Vision.app */,
			);
			name = Products;
			sourceTree = "<group>";
		};
		B0DCA7A81FABC5CB008A2CAF /* Nutrition Vision */ = {
			isa = PBXGroup;
			children = (
				B096DA551FB4C1680008FE08 /* Classes */,
				B096DA521FB4C0B90008FE08 /* Constants */,
				B08315911FB22573000E9BA8 /* View Controllers */,
				B08315811FB21DC1000E9BA8 /* Assets */,
				B0DCA7A91FABC5CB008A2CAF /* AppDelegate.swift */,
				B0DCA7AD1FABC5CB008A2CAF /* Main.storyboard */,
				B0DCA7B21FABC5CB008A2CAF /* LaunchScreen.storyboard */,
				B0DCA7B51FABC5CB008A2CAF /* Info.plist */,
			);
			path = "Nutrition Vision";
			sourceTree = "<group>";
		};
/* End PBXGroup section */

/* Begin PBXNativeTarget section */
		B0DCA7A51FABC5CB008A2CAF /* Nutrition Vision */ = {
			isa = PBXNativeTarget;
			buildConfigurationList = B0DCA7B81FABC5CB008A2CAF /* Build configuration list for PBXNativeTarget "Nutrition Vision" */;
			buildPhases = (
				B0DCA7A21FABC5CB008A2CAF /* Sources */,
				B0DCA7A31FABC5CB008A2CAF /* Frameworks */,
				B0DCA7A41FABC5CB008A2CAF /* Resources */,
			);
			buildRules = (
			);
			dependencies = (
			);
			name = "Nutrition Vision";
			productName = "Nutrition Vision";
			productReference = B0DCA7A61FABC5CB008A2CAF /* Nutrition Vision.app */;
			productType = "com.apple.product-type.application";
		};
/* End PBXNativeTarget section */

/* Begin PBXProject section */
		B0DCA79E1FABC5CB008A2CAF /* Project object */ = {
			isa = PBXProject;
			attributes = {
				LastSwiftUpdateCheck = 0900;
				LastUpgradeCheck = 0900;
				ORGANIZATIONNAME = "Dylan Rothfeld";
				TargetAttributes = {
					B0DCA7A51FABC5CB008A2CAF = {
						CreatedOnToolsVersion = 9.0.1;
						ProvisioningStyle = Automatic;
					};
				};
			};
			buildConfigurationList = B0DCA7A11FABC5CB008A2CAF /* Build configuration list for PBXProject "Nutrition Vision" */;
			compatibilityVersion = "Xcode 8.0";
			developmentRegion = en;
			hasScannedForEncodings = 0;
			knownRegions = (
				en,
				Base,
			);
			mainGroup = B0DCA79D1FABC5CB008A2CAF;
			productRefGroup = B0DCA7A71FABC5CB008A2CAF /* Products */;
			projectDirPath = "";
			projectRoot = "";
			targets = (
				B0DCA7A51FABC5CB008A2CAF /* Nutrition Vision */,
			);
		};
/* End PBXProject section */

/* Begin PBXResourcesBuildPhase section */
		B0DCA7A41FABC5CB008A2CAF /* Resources */ = {
			isa = PBXResourcesBuildPhase;
			buildActionMask = 2147483647;
			files = (
				B0DCA7B41FABC5CB008A2CAF /* LaunchScreen.storyboard in Resources */,
				B0DCA7B11FABC5CB008A2CAF /* Assets.xcassets in Resources */,
				B0DCA7AF1FABC5CB008A2CAF /* Main.storyboard in Resources */,
			);
			runOnlyForDeploymentPostprocessing = 0;
		};
/* End PBXResourcesBuildPhase section */

/* Begin PBXSourcesBuildPhase section */
		B0DCA7A21FABC5CB008A2CAF /* Sources */ = {
			isa = PBXSourcesBuildPhase;
			buildActionMask = 2147483647;
			files = (
				B0485D051FC4953500AE85FA /* NutritionValue.swift in Sources */,
				B0485D071FC796F400AE85FA /* ScannedLabel.swift in Sources */,
				B03DD94A1FBB91C400538B47 /* IngredientViewController.swift in Sources */,
				B0908A661FB4F53600E29B01 /* ListData.swift in Sources */,
				B0DCA7AC1FABC5CB008A2CAF /* ScannerViewController.swift in Sources */,
				B0DCA7AA1FABC5CB008A2CAF /* AppDelegate.swift in Sources */,
				B0E0BD7E1FBE2E1300A03115 /* Sources.swift in Sources */,
				B096DA571FB4C17A0008FE08 /* Ingredient.swift in Sources */,
				B0485D031FC4940F00AE85FA /* DailyNutritionValues.swift in Sources */,
				B08315931FB2259B000E9BA8 /* UnhealthyViewController.swift in Sources */,
				B096DA541FB4C0F30008FE08 /* UnhealthyIngredients.swift in Sources */,
			);
			runOnlyForDeploymentPostprocessing = 0;
		};
/* End PBXSourcesBuildPhase section */

/* Begin PBXVariantGroup section */
		B0DCA7AD1FABC5CB008A2CAF /* Main.storyboard */ = {
			isa = PBXVariantGroup;
			children = (
				B0DCA7AE1FABC5CB008A2CAF /* Base */,
			);
			name = Main.storyboard;
			sourceTree = "<group>";
		};
		B0DCA7B21FABC5CB008A2CAF /* LaunchScreen.storyboard */ = {
			isa = PBXVariantGroup;
			children = (
				B0DCA7B31FABC5CB008A2CAF /* Base */,
			);
			name = LaunchScreen.storyboard;
			sourceTree = "<group>";
		};
/* End PBXVariantGroup section */

/* Begin XCBuildConfiguration section */
		B0DCA7B61FABC5CB008A2CAF /* Debug */ = {
			isa = XCBuildConfiguration;
			buildSettings = {
				ALWAYS_SEARCH_USER_PATHS = NO;
				CLANG_ANALYZER_NONNULL = YES;
				CLANG_ANALYZER_NUMBER_OBJECT_CONVERSION = YES_AGGRESSIVE;
				CLANG_CXX_LANGUAGE_STANDARD = "gnu++14";
				CLANG_CXX_LIBRARY = "libc++";
				CLANG_ENABLE_MODULES = YES;
				CLANG_ENABLE_OBJC_ARC = YES;
				CLANG_WARN_BLOCK_CAPTURE_AUTORELEASING = YES;
				CLANG_WARN_BOOL_CONVERSION = YES;
				CLANG_WARN_COMMA = YES;
				CLANG_WARN_CONSTANT_CONVERSION = YES;
				CLANG_WARN_DIRECT_OBJC_ISA_USAGE = YES_ERROR;
				CLANG_WARN_DOCUMENTATION_COMMENTS = YES;
				CLANG_WARN_EMPTY_BODY = YES;
				CLANG_WARN_ENUM_CONVERSION = YES;
				CLANG_WARN_INFINITE_RECURSION = YES;
				CLANG_WARN_INT_CONVERSION = YES;
				CLANG_WARN_NON_LITERAL_NULL_CONVERSION = YES;
				CLANG_WARN_OBJC_LITERAL_CONVERSION = YES;
				CLANG_WARN_OBJC_ROOT_CLASS = YES_ERROR;
				CLANG_WARN_RANGE_LOOP_ANALYSIS = YES;
				CLANG_WARN_STRICT_PROTOTYPES = YES;
				CLANG_WARN_SUSPICIOUS_MOVE = YES;
				CLANG_WARN_UNGUARDED_AVAILABILITY = YES_AGGRESSIVE;
				CLANG_WARN_UNREACHABLE_CODE = YES;
				CLANG_WARN__DUPLICATE_METHOD_MATCH = YES;
				CODE_SIGN_IDENTITY = "iPhone Developer";
				COPY_PHASE_STRIP = NO;
				DEBUG_INFORMATION_FORMAT = dwarf;
				ENABLE_STRICT_OBJC_MSGSEND = YES;
				ENABLE_TESTABILITY = YES;
				GCC_C_LANGUAGE_STANDARD = gnu11;
				GCC_DYNAMIC_NO_PIC = NO;
				GCC_NO_COMMON_BLOCKS = YES;
				GCC_OPTIMIZATION_LEVEL = 0;
				GCC_PREPROCESSOR_DEFINITIONS = (
					"DEBUG=1",
					"$(inherited)",
				);
				GCC_WARN_64_TO_32_BIT_CONVERSION = YES;
				GCC_WARN_ABOUT_RETURN_TYPE = YES_ERROR;
				GCC_WARN_UNDECLARED_SELECTOR = YES;
				GCC_WARN_UNINITIALIZED_AUTOS = YES_AGGRESSIVE;
				GCC_WARN_UNUSED_FUNCTION = YES;
				GCC_WARN_UNUSED_VARIABLE = YES;
				IPHONEOS_DEPLOYMENT_TARGET = 11.0;
				MTL_ENABLE_DEBUG_INFO = YES;
				ONLY_ACTIVE_ARCH = YES;
				SDKROOT = iphoneos;
				SWIFT_ACTIVE_COMPILATION_CONDITIONS = DEBUG;
				SWIFT_OPTIMIZATION_LEVEL = "-Onone";
			};
			name = Debug;
		};
		B0DCA7B71FABC5CB008A2CAF /* Release */ = {
			isa = XCBuildConfiguration;
			buildSettings = {
				ALWAYS_SEARCH_USER_PATHS = NO;
				CLANG_ANALYZER_NONNULL = YES;
				CLANG_ANALYZER_NUMBER_OBJECT_CONVERSION = YES_AGGRESSIVE;
				CLANG_CXX_LANGUAGE_STANDARD = "gnu++14";
				CLANG_CXX_LIBRARY = "libc++";
				CLANG_ENABLE_MODULES = YES;
				CLANG_ENABLE_OBJC_ARC = YES;
				CLANG_WARN_BLOCK_CAPTURE_AUTORELEASING = YES;
				CLANG_WARN_BOOL_CONVERSION = YES;
				CLANG_WARN_COMMA = YES;
				CLANG_WARN_CONSTANT_CONVERSION = YES;
				CLANG_WARN_DIRECT_OBJC_ISA_USAGE = YES_ERROR;
				CLANG_WARN_DOCUMENTATION_COMMENTS = YES;
				CLANG_WARN_EMPTY_BODY = YES;
				CLANG_WARN_ENUM_CONVERSION = YES;
				CLANG_WARN_INFINITE_RECURSION = YES;
				CLANG_WARN_INT_CONVERSION = YES;
				CLANG_WARN_NON_LITERAL_NULL_CONVERSION = YES;
				CLANG_WARN_OBJC_LITERAL_CONVERSION = YES;
				CLANG_WARN_OBJC_ROOT_CLASS = YES_ERROR;
				CLANG_WARN_RANGE_LOOP_ANALYSIS = YES;
				CLANG_WARN_STRICT_PROTOTYPES = YES;
				CLANG_WARN_SUSPICIOUS_MOVE = YES;
				CLANG_WARN_UNGUARDED_AVAILABILITY = YES_AGGRESSIVE;
				CLANG_WARN_UNREACHABLE_CODE = YES;
				CLANG_WARN__DUPLICATE_METHOD_MATCH = YES;
				CODE_SIGN_IDENTITY = "iPhone Developer";
				COPY_PHASE_STRIP = NO;
				DEBUG_INFORMATION_FORMAT = "dwarf-with-dsym";
				ENABLE_NS_ASSERTIONS = NO;
				ENABLE_STRICT_OBJC_MSGSEND = YES;
				GCC_C_LANGUAGE_STANDARD = gnu11;
				GCC_NO_COMMON_BLOCKS = YES;
				GCC_WARN_64_TO_32_BIT_CONVERSION = YES;
				GCC_WARN_ABOUT_RETURN_TYPE = YES_ERROR;
				GCC_WARN_UNDECLARED_SELECTOR = YES;
				GCC_WARN_UNINITIALIZED_AUTOS = YES_AGGRESSIVE;
				GCC_WARN_UNUSED_FUNCTION = YES;
				GCC_WARN_UNUSED_VARIABLE = YES;
				IPHONEOS_DEPLOYMENT_TARGET = 11.0;
				MTL_ENABLE_DEBUG_INFO = NO;
				SDKROOT = iphoneos;
				SWIFT_OPTIMIZATION_LEVEL = "-Owholemodule";
				VALIDATE_PRODUCT = YES;
			};
			name = Release;
		};
		B0DCA7B91FABC5CB008A2CAF /* Debug */ = {
			isa = XCBuildConfiguration;
			buildSettings = {
				ASSETCATALOG_COMPILER_APPICON_NAME = AppIcon;
				CODE_SIGN_STYLE = Automatic;
				INFOPLIST_FILE = "Nutrition Vision/Info.plist";
				LD_RUNPATH_SEARCH_PATHS = "$(inherited) @executable_path/Frameworks";
				PRODUCT_BUNDLE_IDENTIFIER = "drothfeld.Nutrition-Vision";
				PRODUCT_NAME = "$(TARGET_NAME)";
				SWIFT_VERSION = 4.0;
				TARGETED_DEVICE_FAMILY = "1,2";
			};
			name = Debug;
		};
		B0DCA7BA1FABC5CB008A2CAF /* Release */ = {
			isa = XCBuildConfiguration;
			buildSettings = {
				ASSETCATALOG_COMPILER_APPICON_NAME = AppIcon;
				CODE_SIGN_STYLE = Automatic;
				INFOPLIST_FILE = "Nutrition Vision/Info.plist";
				LD_RUNPATH_SEARCH_PATHS = "$(inherited) @executable_path/Frameworks";
				PRODUCT_BUNDLE_IDENTIFIER = "drothfeld.Nutrition-Vision";
				PRODUCT_NAME = "$(TARGET_NAME)";
				SWIFT_VERSION = 4.0;
				TARGETED_DEVICE_FAMILY = "1,2";
			};
			name = Release;
		};
/* End XCBuildConfiguration section */

/* Begin XCConfigurationList section */
		B0DCA7A11FABC5CB008A2CAF /* Build configuration list for PBXProject "Nutrition Vision" */ = {
			isa = XCConfigurationList;
			buildConfigurations = (
				B0DCA7B61FABC5CB008A2CAF /* Debug */,
				B0DCA7B71FABC5CB008A2CAF /* Release */,
			);
			defaultConfigurationIsVisible = 0;
			defaultConfigurationName = Release;
		};
		B0DCA7B81FABC5CB008A2CAF /* Build configuration list for PBXNativeTarget "Nutrition Vision" */ = {
			isa = XCConfigurationList;
			buildConfigurations = (
				B0DCA7B91FABC5CB008A2CAF /* Debug */,
				B0DCA7BA1FABC5CB008A2CAF /* Release */,
			);
			defaultConfigurationIsVisible = 0;
			defaultConfigurationName = Release;
		};
/* End XCConfigurationList section */
	};
	rootObject = B0DCA79E1FABC5CB008A2CAF /* Project object */;
}
